
Microsoft Visual Studio Solution File, Format Version 12.00
# Visual Studio Version 17
VisualStudioVersion = 17.11.35303.130
MinimumVisualStudioVersion = 10.0.40219.1
Project("{FAE04EC0-301F-11D3-BF4B-00C04F79EFBC}") = "Quan_Ly_Thu_Vien_Phim", "Quan_Ly_Thu_Vien_Phim.csproj", "{215A348C-F1E9-4404-B98D-49C99FE43E34}"
EndProject
Global
	GlobalSection(SolutionConfigurationPlatforms) = preSolution
		Debug|Any CPU = Debug|Any CPU
		Release|Any CPU = Release|Any CPU
	EndGlobalSection
	GlobalSection(ProjectConfigurationPlatforms) = postSolution
		{215A348C-F1E9-4404-B98D-49C99FE43E34}.Debug|Any CPU.ActiveCfg = Debug|Any CPU
		{215A348C-F1E9-4404-B98D-49C99FE43E34}.Debug|Any CPU.Build.0 = Debug|Any CPU
		{215A348C-F1E9-4404-B98D-49C99FE43E34}.Release|Any CPU.ActiveCfg = Release|Any CPU
		{215A348C-F1E9-4404-B98D-49C99FE43E34}.Release|Any CPU.Build.0 = Release|Any CPU
	EndGlobalSection
	GlobalSection(SolutionProperties) = preSolution
		HideSolutionNode = FALSE
	EndGlobalSection
	GlobalSection(ExtensibilityGlobals) = postSolution
		SolutionGuid = {896126A4-80A9-4E13-9E64-1C7C122A2881}
	EndGlobalSection
EndGlobal
